
Microsoft Visual Studio Solution File, Format Version 12.00
# Visual Studio Version 16
VisualStudioVersion = 16.0.31205.134
MinimumVisualStudioVersion = 10.0.40219.1
Project("{FAE04EC0-301F-11D3-BF4B-00C04F79EFBC}") = "Designer Offer", "Designer Offer.csproj", "{C57CC142-FADD-4B00-9F0E-7C8BC6F4B860}"
EndProject
Global
	GlobalSection(SolutionConfigurationPlatforms) = preSolution
		Debug|Any CPU = Debug|Any CPU
		Release|Any CPU = Release|Any CPU
	EndGlobalSection
	GlobalSection(ProjectConfigurationPlatforms) = postSolution
		{C57CC142-FADD-4B00-9F0E-7C8BC6F4B860}.Debug|Any CPU.ActiveCfg = Debug|Any CPU
		{C57CC142-FADD-4B00-9F0E-7C8BC6F4B860}.Debug|Any CPU.Build.0 = Debug|Any CPU
		{C57CC142-FADD-4B00-9F0E-7C8BC6F4B860}.Release|Any CPU.ActiveCfg = Release|Any CPU
		{C57CC142-FADD-4B00-9F0E-7C8BC6F4B860}.Release|Any CPU.Build.0 = Release|Any CPU
	EndGlobalSection
	GlobalSection(SolutionProperties) = preSolution
		HideSolutionNode = FALSE
	EndGlobalSection
	GlobalSection(ExtensibilityGlobals) = postSolution
		SolutionGuid = {7E4D1209-B809-47D9-A059-D80E39CF9B79}
	EndGlobalSection
EndGlobal
